// !$*UTF8*$!
{
	archiveVersion = 1;
	classes = {
	};
	objectVersion = 51;
	objects = {

/* Begin PBXBuildFile section */
		3B42F68DB60F3FEE242540F5 /* Pods_SkyEngTask.framework in Frameworks */ = {isa = PBXBuildFile; fileRef = C4656A3D7431D069085C7E21 /* Pods_SkyEngTask.framework */; };
		BF8EC0C14A1690FF82EAD60C /* Pods_SkyEngTaskTests.framework in Frameworks */ = {isa = PBXBuildFile; fileRef = E133ABBC4DAB619A23DEEF3C /* Pods_SkyEngTaskTests.framework */; };
		E1008B46242E6C2D00FCCBB2 /* AppDelegate.swift in Sources */ = {isa = PBXBuildFile; fileRef = E1008B45242E6C2D00FCCBB2 /* AppDelegate.swift */; };
		E1008B4D242E6C2D00FCCBB2 /* Main.storyboard in Resources */ = {isa = PBXBuildFile; fileRef = E1008B4B242E6C2D00FCCBB2 /* Main.storyboard */; };
		E1008B4F242E6C2E00FCCBB2 /* Assets.xcassets in Resources */ = {isa = PBXBuildFile; fileRef = E1008B4E242E6C2E00FCCBB2 /* Assets.xcassets */; };
		E1008B52242E6C2E00FCCBB2 /* LaunchScreen.storyboard in Resources */ = {isa = PBXBuildFile; fileRef = E1008B50242E6C2E00FCCBB2 /* LaunchScreen.storyboard */; };
		E1008B5D242E6C2E00FCCBB2 /* SkyEngTaskTests.swift in Sources */ = {isa = PBXBuildFile; fileRef = E1008B5C242E6C2E00FCCBB2 /* SkyEngTaskTests.swift */; };
		E1008B6B242E726100FCCBB2 /* Word.swift in Sources */ = {isa = PBXBuildFile; fileRef = E1008B6A242E726100FCCBB2 /* Word.swift */; };
		E1008B6D242E726800FCCBB2 /* Meaning.swift in Sources */ = {isa = PBXBuildFile; fileRef = E1008B6C242E726800FCCBB2 /* Meaning.swift */; };
		E1008B72242E741600FCCBB2 /* NetworkManager.swift in Sources */ = {isa = PBXBuildFile; fileRef = E1008B71242E741600FCCBB2 /* NetworkManager.swift */; };
		E1008B74242E742A00FCCBB2 /* NetworkManagerImp.swift in Sources */ = {isa = PBXBuildFile; fileRef = E1008B73242E742A00FCCBB2 /* NetworkManagerImp.swift */; };
		E1008B78242E7F4B00FCCBB2 /* AppError.swift in Sources */ = {isa = PBXBuildFile; fileRef = E1008B77242E7F4B00FCCBB2 /* AppError.swift */; };
		E1008B7C242E853700FCCBB2 /* Result.swift in Sources */ = {isa = PBXBuildFile; fileRef = E1008B7B242E853700FCCBB2 /* Result.swift */; };
		E1008B7E242E9D2400FCCBB2 /* WordService.swift in Sources */ = {isa = PBXBuildFile; fileRef = E1008B7D242E9D2400FCCBB2 /* WordService.swift */; };
		E1008B80242E9D2C00FCCBB2 /* WordServiceImp.swift in Sources */ = {isa = PBXBuildFile; fileRef = E1008B7F242E9D2C00FCCBB2 /* WordServiceImp.swift */; };
		E189DD53242EA06600155CAD /* WordWorker.swift in Sources */ = {isa = PBXBuildFile; fileRef = E189DD52242EA06600155CAD /* WordWorker.swift */; };
		E189DD55242EA06C00155CAD /* WordWorkerImp.swift in Sources */ = {isa = PBXBuildFile; fileRef = E189DD54242EA06C00155CAD /* WordWorkerImp.swift */; };
		E189DD58242EA0ED00155CAD /* Pager.swift in Sources */ = {isa = PBXBuildFile; fileRef = E189DD57242EA0ED00155CAD /* Pager.swift */; };
/* End PBXBuildFile section */

/* Begin PBXContainerItemProxy section */
		E1008B59242E6C2E00FCCBB2 /* PBXContainerItemProxy */ = {
			isa = PBXContainerItemProxy;
			containerPortal = E1008B3A242E6C2D00FCCBB2 /* Project object */;
			proxyType = 1;
			remoteGlobalIDString = E1008B41242E6C2D00FCCBB2;
			remoteInfo = SkyEngTask;
		};
/* End PBXContainerItemProxy section */

/* Begin PBXFileReference section */
		502FC6740F9005A7C46D41D5 /* Pods-SkyEngTaskTests.debug.xcconfig */ = {isa = PBXFileReference; includeInIndex = 1; lastKnownFileType = text.xcconfig; name = "Pods-SkyEngTaskTests.debug.xcconfig"; path = "Target Support Files/Pods-SkyEngTaskTests/Pods-SkyEngTaskTests.debug.xcconfig"; sourceTree = "<group>"; };
		515C3BDED207C76BF432A605 /* Pods-SkyEngTask.debug.xcconfig */ = {isa = PBXFileReference; includeInIndex = 1; lastKnownFileType = text.xcconfig; name = "Pods-SkyEngTask.debug.xcconfig"; path = "Target Support Files/Pods-SkyEngTask/Pods-SkyEngTask.debug.xcconfig"; sourceTree = "<group>"; };
		9276B12706CB6614B904CE59 /* Pods-SkyEngTask.release.xcconfig */ = {isa = PBXFileReference; includeInIndex = 1; lastKnownFileType = text.xcconfig; name = "Pods-SkyEngTask.release.xcconfig"; path = "Target Support Files/Pods-SkyEngTask/Pods-SkyEngTask.release.xcconfig"; sourceTree = "<group>"; };
		C4656A3D7431D069085C7E21 /* Pods_SkyEngTask.framework */ = {isa = PBXFileReference; explicitFileType = wrapper.framework; includeInIndex = 0; path = Pods_SkyEngTask.framework; sourceTree = BUILT_PRODUCTS_DIR; };
		D8FD28D3A889A7047102DBAA /* Pods-SkyEngTaskTests.release.xcconfig */ = {isa = PBXFileReference; includeInIndex = 1; lastKnownFileType = text.xcconfig; name = "Pods-SkyEngTaskTests.release.xcconfig"; path = "Target Support Files/Pods-SkyEngTaskTests/Pods-SkyEngTaskTests.release.xcconfig"; sourceTree = "<group>"; };
		E1008B42242E6C2D00FCCBB2 /* SkyEngTask.app */ = {isa = PBXFileReference; explicitFileType = wrapper.application; includeInIndex = 0; path = SkyEngTask.app; sourceTree = BUILT_PRODUCTS_DIR; };
		E1008B45242E6C2D00FCCBB2 /* AppDelegate.swift */ = {isa = PBXFileReference; lastKnownFileType = sourcecode.swift; path = AppDelegate.swift; sourceTree = "<group>"; };
		E1008B4C242E6C2D00FCCBB2 /* Base */ = {isa = PBXFileReference; lastKnownFileType = file.storyboard; name = Base; path = Base.lproj/Main.storyboard; sourceTree = "<group>"; };
		E1008B4E242E6C2E00FCCBB2 /* Assets.xcassets */ = {isa = PBXFileReference; lastKnownFileType = folder.assetcatalog; path = Assets.xcassets; sourceTree = "<group>"; };
		E1008B51242E6C2E00FCCBB2 /* Base */ = {isa = PBXFileReference; lastKnownFileType = file.storyboard; name = Base; path = Base.lproj/LaunchScreen.storyboard; sourceTree = "<group>"; };
		E1008B53242E6C2E00FCCBB2 /* Info.plist */ = {isa = PBXFileReference; lastKnownFileType = text.plist.xml; path = Info.plist; sourceTree = "<group>"; };
		E1008B58242E6C2E00FCCBB2 /* SkyEngTaskTests.xctest */ = {isa = PBXFileReference; explicitFileType = wrapper.cfbundle; includeInIndex = 0; path = SkyEngTaskTests.xctest; sourceTree = BUILT_PRODUCTS_DIR; };
		E1008B5C242E6C2E00FCCBB2 /* SkyEngTaskTests.swift */ = {isa = PBXFileReference; lastKnownFileType = sourcecode.swift; path = SkyEngTaskTests.swift; sourceTree = "<group>"; };
		E1008B5E242E6C2E00FCCBB2 /* Info.plist */ = {isa = PBXFileReference; lastKnownFileType = text.plist.xml; path = Info.plist; sourceTree = "<group>"; };
		E1008B6A242E726100FCCBB2 /* Word.swift */ = {isa = PBXFileReference; lastKnownFileType = sourcecode.swift; path = Word.swift; sourceTree = "<group>"; };
		E1008B6C242E726800FCCBB2 /* Meaning.swift */ = {isa = PBXFileReference; lastKnownFileType = sourcecode.swift; path = Meaning.swift; sourceTree = "<group>"; };
		E1008B71242E741600FCCBB2 /* NetworkManager.swift */ = {isa = PBXFileReference; lastKnownFileType = sourcecode.swift; path = NetworkManager.swift; sourceTree = "<group>"; };
		E1008B73242E742A00FCCBB2 /* NetworkManagerImp.swift */ = {isa = PBXFileReference; lastKnownFileType = sourcecode.swift; path = NetworkManagerImp.swift; sourceTree = "<group>"; };
		E1008B77242E7F4B00FCCBB2 /* AppError.swift */ = {isa = PBXFileReference; lastKnownFileType = sourcecode.swift; path = AppError.swift; sourceTree = "<group>"; };
		E1008B7B242E853700FCCBB2 /* Result.swift */ = {isa = PBXFileReference; lastKnownFileType = sourcecode.swift; path = Result.swift; sourceTree = "<group>"; };
		E1008B7D242E9D2400FCCBB2 /* WordService.swift */ = {isa = PBXFileReference; lastKnownFileType = sourcecode.swift; path = WordService.swift; sourceTree = "<group>"; };
		E1008B7F242E9D2C00FCCBB2 /* WordServiceImp.swift */ = {isa = PBXFileReference; lastKnownFileType = sourcecode.swift; path = WordServiceImp.swift; sourceTree = "<group>"; };
		E133ABBC4DAB619A23DEEF3C /* Pods_SkyEngTaskTests.framework */ = {isa = PBXFileReference; explicitFileType = wrapper.framework; includeInIndex = 0; path = Pods_SkyEngTaskTests.framework; sourceTree = BUILT_PRODUCTS_DIR; };
		E189DD52242EA06600155CAD /* WordWorker.swift */ = {isa = PBXFileReference; lastKnownFileType = sourcecode.swift; path = WordWorker.swift; sourceTree = "<group>"; };
		E189DD54242EA06C00155CAD /* WordWorkerImp.swift */ = {isa = PBXFileReference; lastKnownFileType = sourcecode.swift; path = WordWorkerImp.swift; sourceTree = "<group>"; };
		E189DD57242EA0ED00155CAD /* Pager.swift */ = {isa = PBXFileReference; lastKnownFileType = sourcecode.swift; path = Pager.swift; sourceTree = "<group>"; };
/* End PBXFileReference section */

/* Begin PBXFrameworksBuildPhase section */
		E1008B3F242E6C2D00FCCBB2 /* Frameworks */ = {
			isa = PBXFrameworksBuildPhase;
			buildActionMask = 2147483647;
			files = (
				3B42F68DB60F3FEE242540F5 /* Pods_SkyEngTask.framework in Frameworks */,
			);
			runOnlyForDeploymentPostprocessing = 0;
		};
		E1008B55242E6C2E00FCCBB2 /* Frameworks */ = {
			isa = PBXFrameworksBuildPhase;
			buildActionMask = 2147483647;
			files = (
				BF8EC0C14A1690FF82EAD60C /* Pods_SkyEngTaskTests.framework in Frameworks */,
			);
			runOnlyForDeploymentPostprocessing = 0;
		};
/* End PBXFrameworksBuildPhase section */

/* Begin PBXGroup section */
		8F5C96B348ED9FB07D9B1DFF /* Frameworks */ = {
			isa = PBXGroup;
			children = (
				C4656A3D7431D069085C7E21 /* Pods_SkyEngTask.framework */,
				E133ABBC4DAB619A23DEEF3C /* Pods_SkyEngTaskTests.framework */,
			);
			name = Frameworks;
			sourceTree = "<group>";
		};
		BFD39ADF824CF25FD9049A22 /* Pods */ = {
			isa = PBXGroup;
			children = (
				515C3BDED207C76BF432A605 /* Pods-SkyEngTask.debug.xcconfig */,
				9276B12706CB6614B904CE59 /* Pods-SkyEngTask.release.xcconfig */,
				502FC6740F9005A7C46D41D5 /* Pods-SkyEngTaskTests.debug.xcconfig */,
				D8FD28D3A889A7047102DBAA /* Pods-SkyEngTaskTests.release.xcconfig */,
			);
			path = Pods;
			sourceTree = "<group>";
		};
		E1008B39242E6C2D00FCCBB2 = {
			isa = PBXGroup;
			children = (
				E1008B44242E6C2D00FCCBB2 /* SkyEngTask */,
				E1008B5B242E6C2E00FCCBB2 /* SkyEngTaskTests */,
				E1008B43242E6C2D00FCCBB2 /* Products */,
				BFD39ADF824CF25FD9049A22 /* Pods */,
				8F5C96B348ED9FB07D9B1DFF /* Frameworks */,
			);
			sourceTree = "<group>";
		};
		E1008B43242E6C2D00FCCBB2 /* Products */ = {
			isa = PBXGroup;
			children = (
				E1008B42242E6C2D00FCCBB2 /* SkyEngTask.app */,
				E1008B58242E6C2E00FCCBB2 /* SkyEngTaskTests.xctest */,
			);
			name = Products;
			sourceTree = "<group>";
		};
		E1008B44242E6C2D00FCCBB2 /* SkyEngTask */ = {
			isa = PBXGroup;
			children = (
				E1008B67242E6F7300FCCBB2 /* UI */,
				E1008B68242E6F7800FCCBB2 /* BusinessLogic */,
				E1008B69242E725400FCCBB2 /* Entities */,
				E1008B75242E747700FCCBB2 /* SupportFiles */,
				E1008B53242E6C2E00FCCBB2 /* Info.plist */,
			);
			path = SkyEngTask;
			sourceTree = "<group>";
		};
		E1008B5B242E6C2E00FCCBB2 /* SkyEngTaskTests */ = {
			isa = PBXGroup;
			children = (
				E1008B5C242E6C2E00FCCBB2 /* SkyEngTaskTests.swift */,
				E1008B5E242E6C2E00FCCBB2 /* Info.plist */,
			);
			path = SkyEngTaskTests;
			sourceTree = "<group>";
		};
		E1008B67242E6F7300FCCBB2 /* UI */ = {
			isa = PBXGroup;
			children = (
			);
			path = UI;
			sourceTree = "<group>";
		};
		E1008B68242E6F7800FCCBB2 /* BusinessLogic */ = {
			isa = PBXGroup;
			children = (
				E1008B77242E7F4B00FCCBB2 /* AppError.swift */,
				E1008B7B242E853700FCCBB2 /* Result.swift */,
				E1008B70242E740600FCCBB2 /* Workers */,
				E189DD56242EA0E500155CAD /* Helpers */,
				E1008B6F242E740100FCCBB2 /* Services */,
				E1008B6E242E73FD00FCCBB2 /* Core */,
			);
			path = BusinessLogic;
			sourceTree = "<group>";
		};
		E1008B69242E725400FCCBB2 /* Entities */ = {
			isa = PBXGroup;
			children = (
				E1008B6A242E726100FCCBB2 /* Word.swift */,
				E1008B6C242E726800FCCBB2 /* Meaning.swift */,
			);
			path = Entities;
			sourceTree = "<group>";
		};
		E1008B6E242E73FD00FCCBB2 /* Core */ = {
			isa = PBXGroup;
			children = (
				E1008B71242E741600FCCBB2 /* NetworkManager.swift */,
				E1008B73242E742A00FCCBB2 /* NetworkManagerImp.swift */,
			);
			path = Core;
			sourceTree = "<group>";
		};
		E1008B6F242E740100FCCBB2 /* Services */ = {
			isa = PBXGroup;
			children = (
				E1008B7D242E9D2400FCCBB2 /* WordService.swift */,
				E1008B7F242E9D2C00FCCBB2 /* WordServiceImp.swift */,
			);
			path = Services;
			sourceTree = "<group>";
		};
		E1008B70242E740600FCCBB2 /* Workers */ = {
			isa = PBXGroup;
			children = (
				E189DD52242EA06600155CAD /* WordWorker.swift */,
				E189DD54242EA06C00155CAD /* WordWorkerImp.swift */,
			);
			path = Workers;
			sourceTree = "<group>";
		};
		E1008B75242E747700FCCBB2 /* SupportFiles */ = {
			isa = PBXGroup;
			children = (
				E1008B76242E74B200FCCBB2 /* Resources */,
				E1008B45242E6C2D00FCCBB2 /* AppDelegate.swift */,
			);
			path = SupportFiles;
			sourceTree = "<group>";
		};
		E1008B76242E74B200FCCBB2 /* Resources */ = {
			isa = PBXGroup;
			children = (
				E1008B4E242E6C2E00FCCBB2 /* Assets.xcassets */,
				E1008B4B242E6C2D00FCCBB2 /* Main.storyboard */,
				E1008B50242E6C2E00FCCBB2 /* LaunchScreen.storyboard */,
			);
			path = Resources;
			sourceTree = "<group>";
		};
		E189DD56242EA0E500155CAD /* Helpers */ = {
			isa = PBXGroup;
			children = (
				E189DD57242EA0ED00155CAD /* Pager.swift */,
			);
			path = Helpers;
			sourceTree = "<group>";
		};
/* End PBXGroup section */

/* Begin PBXNativeTarget section */
		E1008B41242E6C2D00FCCBB2 /* SkyEngTask */ = {
			isa = PBXNativeTarget;
			buildConfigurationList = E1008B61242E6C2E00FCCBB2 /* Build configuration list for PBXNativeTarget "SkyEngTask" */;
			buildPhases = (
				ED4C43727B421CD9FD46A5C2 /* [CP] Check Pods Manifest.lock */,
				E1008B3E242E6C2D00FCCBB2 /* Sources */,
				E1008B3F242E6C2D00FCCBB2 /* Frameworks */,
				E1008B40242E6C2D00FCCBB2 /* Resources */,
				71EB6D872223F967BFF83D33 /* [CP] Embed Pods Frameworks */,
			);
			buildRules = (
			);
			dependencies = (
			);
			name = SkyEngTask;
			productName = SkyEngTask;
			productReference = E1008B42242E6C2D00FCCBB2 /* SkyEngTask.app */;
			productType = "com.apple.product-type.application";
		};
		E1008B57242E6C2E00FCCBB2 /* SkyEngTaskTests */ = {
			isa = PBXNativeTarget;
			buildConfigurationList = E1008B64242E6C2E00FCCBB2 /* Build configuration list for PBXNativeTarget "SkyEngTaskTests" */;
			buildPhases = (
				765773BBA3FC3115F479E62B /* [CP] Check Pods Manifest.lock */,
				E1008B54242E6C2E00FCCBB2 /* Sources */,
				E1008B55242E6C2E00FCCBB2 /* Frameworks */,
				E1008B56242E6C2E00FCCBB2 /* Resources */,
			);
			buildRules = (
			);
			dependencies = (
				E1008B5A242E6C2E00FCCBB2 /* PBXTargetDependency */,
			);
			name = SkyEngTaskTests;
			productName = SkyEngTaskTests;
			productReference = E1008B58242E6C2E00FCCBB2 /* SkyEngTaskTests.xctest */;
			productType = "com.apple.product-type.bundle.unit-test";
		};
/* End PBXNativeTarget section */

/* Begin PBXProject section */
		E1008B3A242E6C2D00FCCBB2 /* Project object */ = {
			isa = PBXProject;
			attributes = {
				LastSwiftUpdateCheck = 1130;
				LastUpgradeCheck = 1130;
				ORGANIZATIONNAME = Mihail;
				TargetAttributes = {
					E1008B41242E6C2D00FCCBB2 = {
						CreatedOnToolsVersion = 11.3.1;
					};
					E1008B57242E6C2E00FCCBB2 = {
						CreatedOnToolsVersion = 11.3.1;
						TestTargetID = E1008B41242E6C2D00FCCBB2;
					};
				};
			};
			buildConfigurationList = E1008B3D242E6C2D00FCCBB2 /* Build configuration list for PBXProject "SkyEngTask" */;
			compatibilityVersion = "Xcode 9.3";
			developmentRegion = en;
			hasScannedForEncodings = 0;
			knownRegions = (
				en,
				Base,
			);
			mainGroup = E1008B39242E6C2D00FCCBB2;
			productRefGroup = E1008B43242E6C2D00FCCBB2 /* Products */;
			projectDirPath = "";
			projectRoot = "";
			targets = (
				E1008B41242E6C2D00FCCBB2 /* SkyEngTask */,
				E1008B57242E6C2E00FCCBB2 /* SkyEngTaskTests */,
			);
		};
/* End PBXProject section */

/* Begin PBXResourcesBuildPhase section */
		E1008B40242E6C2D00FCCBB2 /* Resources */ = {
			isa = PBXResourcesBuildPhase;
			buildActionMask = 2147483647;
			files = (
				E1008B52242E6C2E00FCCBB2 /* LaunchScreen.storyboard in Resources */,
				E1008B4F242E6C2E00FCCBB2 /* Assets.xcassets in Resources */,
				E1008B4D242E6C2D00FCCBB2 /* Main.storyboard in Resources */,
			);
			runOnlyForDeploymentPostprocessing = 0;
		};
		E1008B56242E6C2E00FCCBB2 /* Resources */ = {
			isa = PBXResourcesBuildPhase;
			buildActionMask = 2147483647;
			files = (
			);
			runOnlyForDeploymentPostprocessing = 0;
		};
/* End PBXResourcesBuildPhase section */

/* Begin PBXShellScriptBuildPhase section */
		71EB6D872223F967BFF83D33 /* [CP] Embed Pods Frameworks */ = {
			isa = PBXShellScriptBuildPhase;
			buildActionMask = 2147483647;
			files = (
			);
			inputFileListPaths = (
				"${PODS_ROOT}/Target Support Files/Pods-SkyEngTask/Pods-SkyEngTask-frameworks-${CONFIGURATION}-input-files.xcfilelist",
			);
			name = "[CP] Embed Pods Frameworks";
			outputFileListPaths = (
				"${PODS_ROOT}/Target Support Files/Pods-SkyEngTask/Pods-SkyEngTask-frameworks-${CONFIGURATION}-output-files.xcfilelist",
			);
			runOnlyForDeploymentPostprocessing = 0;
			shellPath = /bin/sh;
			shellScript = "\"${PODS_ROOT}/Target Support Files/Pods-SkyEngTask/Pods-SkyEngTask-frameworks.sh\"\n";
			showEnvVarsInLog = 0;
		};
		765773BBA3FC3115F479E62B /* [CP] Check Pods Manifest.lock */ = {
			isa = PBXShellScriptBuildPhase;
			buildActionMask = 2147483647;
			files = (
			);
			inputFileListPaths = (
			);
			inputPaths = (
				"${PODS_PODFILE_DIR_PATH}/Podfile.lock",
				"${PODS_ROOT}/Manifest.lock",
			);
			name = "[CP] Check Pods Manifest.lock";
			outputFileListPaths = (
			);
			outputPaths = (
				"$(DERIVED_FILE_DIR)/Pods-SkyEngTaskTests-checkManifestLockResult.txt",
			);
			runOnlyForDeploymentPostprocessing = 0;
			shellPath = /bin/sh;
			shellScript = "diff \"${PODS_PODFILE_DIR_PATH}/Podfile.lock\" \"${PODS_ROOT}/Manifest.lock\" > /dev/null\nif [ $? != 0 ] ; then\n    # print error to STDERR\n    echo \"error: The sandbox is not in sync with the Podfile.lock. Run 'pod install' or update your CocoaPods installation.\" >&2\n    exit 1\nfi\n# This output is used by Xcode 'outputs' to avoid re-running this script phase.\necho \"SUCCESS\" > \"${SCRIPT_OUTPUT_FILE_0}\"\n";
			showEnvVarsInLog = 0;
		};
		ED4C43727B421CD9FD46A5C2 /* [CP] Check Pods Manifest.lock */ = {
			isa = PBXShellScriptBuildPhase;
			buildActionMask = 2147483647;
			files = (
			);
			inputFileListPaths = (
			);
			inputPaths = (
				"${PODS_PODFILE_DIR_PATH}/Podfile.lock",
				"${PODS_ROOT}/Manifest.lock",
			);
			name = "[CP] Check Pods Manifest.lock";
			outputFileListPaths = (
			);
			outputPaths = (
				"$(DERIVED_FILE_DIR)/Pods-SkyEngTask-checkManifestLockResult.txt",
			);
			runOnlyForDeploymentPostprocessing = 0;
			shellPath = /bin/sh;
			shellScript = "diff \"${PODS_PODFILE_DIR_PATH}/Podfile.lock\" \"${PODS_ROOT}/Manifest.lock\" > /dev/null\nif [ $? != 0 ] ; then\n    # print error to STDERR\n    echo \"error: The sandbox is not in sync with the Podfile.lock. Run 'pod install' or update your CocoaPods installation.\" >&2\n    exit 1\nfi\n# This output is used by Xcode 'outputs' to avoid re-running this script phase.\necho \"SUCCESS\" > \"${SCRIPT_OUTPUT_FILE_0}\"\n";
			showEnvVarsInLog = 0;
		};
/* End PBXShellScriptBuildPhase section */

/* Begin PBXSourcesBuildPhase section */
		E1008B3E242E6C2D00FCCBB2 /* Sources */ = {
			isa = PBXSourcesBuildPhase;
			buildActionMask = 2147483647;
			files = (
				E1008B7E242E9D2400FCCBB2 /* WordService.swift in Sources */,
				E1008B72242E741600FCCBB2 /* NetworkManager.swift in Sources */,
				E1008B6D242E726800FCCBB2 /* Meaning.swift in Sources */,
				E1008B80242E9D2C00FCCBB2 /* WordServiceImp.swift in Sources */,
				E1008B78242E7F4B00FCCBB2 /* AppError.swift in Sources */,
				E1008B6B242E726100FCCBB2 /* Word.swift in Sources */,
				E1008B7C242E853700FCCBB2 /* Result.swift in Sources */,
				E1008B74242E742A00FCCBB2 /* NetworkManagerImp.swift in Sources */,
				E1008B46242E6C2D00FCCBB2 /* AppDelegate.swift in Sources */,
				E189DD58242EA0ED00155CAD /* Pager.swift in Sources */,
				E189DD53242EA06600155CAD /* WordWorker.swift in Sources */,
				E189DD55242EA06C00155CAD /* WordWorkerImp.swift in Sources */,
			);
			runOnlyForDeploymentPostprocessing = 0;
		};
		E1008B54242E6C2E00FCCBB2 /* Sources */ = {
			isa = PBXSourcesBuildPhase;
			buildActionMask = 2147483647;
			files = (
				E1008B5D242E6C2E00FCCBB2 /* SkyEngTaskTests.swift in Sources */,
			);
			runOnlyForDeploymentPostprocessing = 0;
		};
/* End PBXSourcesBuildPhase section */

/* Begin PBXTargetDependency section */
		E1008B5A242E6C2E00FCCBB2 /* PBXTargetDependency */ = {
			isa = PBXTargetDependency;
			target = E1008B41242E6C2D00FCCBB2 /* SkyEngTask */;
			targetProxy = E1008B59242E6C2E00FCCBB2 /* PBXContainerItemProxy */;
		};
/* End PBXTargetDependency section */

/* Begin PBXVariantGroup section */
		E1008B4B242E6C2D00FCCBB2 /* Main.storyboard */ = {
			isa = PBXVariantGroup;
			children = (
				E1008B4C242E6C2D00FCCBB2 /* Base */,
			);
			name = Main.storyboard;
			sourceTree = "<group>";
		};
		E1008B50242E6C2E00FCCBB2 /* LaunchScreen.storyboard */ = {
			isa = PBXVariantGroup;
			children = (
				E1008B51242E6C2E00FCCBB2 /* Base */,
			);
			name = LaunchScreen.storyboard;
			sourceTree = "<group>";
		};
/* End PBXVariantGroup section */

/* Begin XCBuildConfiguration section */
		E1008B5F242E6C2E00FCCBB2 /* Debug */ = {
			isa = XCBuildConfiguration;
			buildSettings = {
				ALWAYS_SEARCH_USER_PATHS = NO;
				CLANG_ANALYZER_NONNULL = YES;
				CLANG_ANALYZER_NUMBER_OBJECT_CONVERSION = YES_AGGRESSIVE;
				CLANG_CXX_LANGUAGE_STANDARD = "gnu++14";
				CLANG_CXX_LIBRARY = "libc++";
				CLANG_ENABLE_MODULES = YES;
				CLANG_ENABLE_OBJC_ARC = YES;
				CLANG_ENABLE_OBJC_WEAK = YES;
				CLANG_WARN_BLOCK_CAPTURE_AUTORELEASING = YES;
				CLANG_WARN_BOOL_CONVERSION = YES;
				CLANG_WARN_COMMA = YES;
				CLANG_WARN_CONSTANT_CONVERSION = YES;
				CLANG_WARN_DEPRECATED_OBJC_IMPLEMENTATIONS = YES;
				CLANG_WARN_DIRECT_OBJC_ISA_USAGE = YES_ERROR;
				CLANG_WARN_DOCUMENTATION_COMMENTS = YES;
				CLANG_WARN_EMPTY_BODY = YES;
				CLANG_WARN_ENUM_CONVERSION = YES;
				CLANG_WARN_INFINITE_RECURSION = YES;
				CLANG_WARN_INT_CONVERSION = YES;
				CLANG_WARN_NON_LITERAL_NULL_CONVERSION = YES;
				CLANG_WARN_OBJC_IMPLICIT_RETAIN_SELF = YES;
				CLANG_WARN_OBJC_LITERAL_CONVERSION = YES;
				CLANG_WARN_OBJC_ROOT_CLASS = YES_ERROR;
				CLANG_WARN_RANGE_LOOP_ANALYSIS = YES;
				CLANG_WARN_STRICT_PROTOTYPES = YES;
				CLANG_WARN_SUSPICIOUS_MOVE = YES;
				CLANG_WARN_UNGUARDED_AVAILABILITY = YES_AGGRESSIVE;
				CLANG_WARN_UNREACHABLE_CODE = YES;
				CLANG_WARN__DUPLICATE_METHOD_MATCH = YES;
				COPY_PHASE_STRIP = NO;
				DEBUG_INFORMATION_FORMAT = dwarf;
				ENABLE_STRICT_OBJC_MSGSEND = YES;
				ENABLE_TESTABILITY = YES;
				GCC_C_LANGUAGE_STANDARD = gnu11;
				GCC_DYNAMIC_NO_PIC = NO;
				GCC_NO_COMMON_BLOCKS = YES;
				GCC_OPTIMIZATION_LEVEL = 0;
				GCC_PREPROCESSOR_DEFINITIONS = (
					"DEBUG=1",
					"$(inherited)",
				);
				GCC_WARN_64_TO_32_BIT_CONVERSION = YES;
				GCC_WARN_ABOUT_RETURN_TYPE = YES_ERROR;
				GCC_WARN_UNDECLARED_SELECTOR = YES;
				GCC_WARN_UNINITIALIZED_AUTOS = YES_AGGRESSIVE;
				GCC_WARN_UNUSED_FUNCTION = YES;
				GCC_WARN_UNUSED_VARIABLE = YES;
				IPHONEOS_DEPLOYMENT_TARGET = 13.2;
				MTL_ENABLE_DEBUG_INFO = INCLUDE_SOURCE;
				MTL_FAST_MATH = YES;
				ONLY_ACTIVE_ARCH = YES;
				SDKROOT = iphoneos;
				SWIFT_ACTIVE_COMPILATION_CONDITIONS = DEBUG;
				SWIFT_OPTIMIZATION_LEVEL = "-Onone";
			};
			name = Debug;
		};
		E1008B60242E6C2E00FCCBB2 /* Release */ = {
			isa = XCBuildConfiguration;
			buildSettings = {
				ALWAYS_SEARCH_USER_PATHS = NO;
				CLANG_ANALYZER_NONNULL = YES;
				CLANG_ANALYZER_NUMBER_OBJECT_CONVERSION = YES_AGGRESSIVE;
				CLANG_CXX_LANGUAGE_STANDARD = "gnu++14";
				CLANG_CXX_LIBRARY = "libc++";
				CLANG_ENABLE_MODULES = YES;
				CLANG_ENABLE_OBJC_ARC = YES;
				CLANG_ENABLE_OBJC_WEAK = YES;
				CLANG_WARN_BLOCK_CAPTURE_AUTORELEASING = YES;
				CLANG_WARN_BOOL_CONVERSION = YES;
				CLANG_WARN_COMMA = YES;
				CLANG_WARN_CONSTANT_CONVERSION = YES;
				CLANG_WARN_DEPRECATED_OBJC_IMPLEMENTATIONS = YES;
				CLANG_WARN_DIRECT_OBJC_ISA_USAGE = YES_ERROR;
				CLANG_WARN_DOCUMENTATION_COMMENTS = YES;
				CLANG_WARN_EMPTY_BODY = YES;
				CLANG_WARN_ENUM_CONVERSION = YES;
				CLANG_WARN_INFINITE_RECURSION = YES;
				CLANG_WARN_INT_CONVERSION = YES;
				CLANG_WARN_NON_LITERAL_NULL_CONVERSION = YES;
				CLANG_WARN_OBJC_IMPLICIT_RETAIN_SELF = YES;
				CLANG_WARN_OBJC_LITERAL_CONVERSION = YES;
				CLANG_WARN_OBJC_ROOT_CLASS = YES_ERROR;
				CLANG_WARN_RANGE_LOOP_ANALYSIS = YES;
				CLANG_WARN_STRICT_PROTOTYPES = YES;
				CLANG_WARN_SUSPICIOUS_MOVE = YES;
				CLANG_WARN_UNGUARDED_AVAILABILITY = YES_AGGRESSIVE;
				CLANG_WARN_UNREACHABLE_CODE = YES;
				CLANG_WARN__DUPLICATE_METHOD_MATCH = YES;
				COPY_PHASE_STRIP = NO;
				DEBUG_INFORMATION_FORMAT = "dwarf-with-dsym";
				ENABLE_NS_ASSERTIONS = NO;
				ENABLE_STRICT_OBJC_MSGSEND = YES;
				GCC_C_LANGUAGE_STANDARD = gnu11;
				GCC_NO_COMMON_BLOCKS = YES;
				GCC_WARN_64_TO_32_BIT_CONVERSION = YES;
				GCC_WARN_ABOUT_RETURN_TYPE = YES_ERROR;
				GCC_WARN_UNDECLARED_SELECTOR = YES;
				GCC_WARN_UNINITIALIZED_AUTOS = YES_AGGRESSIVE;
				GCC_WARN_UNUSED_FUNCTION = YES;
				GCC_WARN_UNUSED_VARIABLE = YES;
				IPHONEOS_DEPLOYMENT_TARGET = 13.2;
				MTL_ENABLE_DEBUG_INFO = NO;
				MTL_FAST_MATH = YES;
				SDKROOT = iphoneos;
				SWIFT_COMPILATION_MODE = wholemodule;
				SWIFT_OPTIMIZATION_LEVEL = "-O";
				VALIDATE_PRODUCT = YES;
			};
			name = Release;
		};
		E1008B62242E6C2E00FCCBB2 /* Debug */ = {
			isa = XCBuildConfiguration;
			baseConfigurationReference = 515C3BDED207C76BF432A605 /* Pods-SkyEngTask.debug.xcconfig */;
			buildSettings = {
				ASSETCATALOG_COMPILER_APPICON_NAME = AppIcon;
				CODE_SIGN_STYLE = Automatic;
				DEVELOPMENT_TEAM = TLWW27T23K;
				INFOPLIST_FILE = SkyEngTask/Info.plist;
				LD_RUNPATH_SEARCH_PATHS = (
					"$(inherited)",
					"@executable_path/Frameworks",
				);
				PRODUCT_BUNDLE_IDENTIFIER = com.mbabaev.skyengtask.SkyEngTask;
				PRODUCT_NAME = "$(TARGET_NAME)";
				SWIFT_VERSION = 5.0;
				TARGETED_DEVICE_FAMILY = "1,2";
			};
			name = Debug;
		};
		E1008B63242E6C2E00FCCBB2 /* Release */ = {
			isa = XCBuildConfiguration;
			baseConfigurationReference = 9276B12706CB6614B904CE59 /* Pods-SkyEngTask.release.xcconfig */;
			buildSettings = {
				ASSETCATALOG_COMPILER_APPICON_NAME = AppIcon;
				CODE_SIGN_STYLE = Automatic;
				DEVELOPMENT_TEAM = TLWW27T23K;
				INFOPLIST_FILE = SkyEngTask/Info.plist;
				LD_RUNPATH_SEARCH_PATHS = (
					"$(inherited)",
					"@executable_path/Frameworks",
				);
				PRODUCT_BUNDLE_IDENTIFIER = com.mbabaev.skyengtask.SkyEngTask;
				PRODUCT_NAME = "$(TARGET_NAME)";
				SWIFT_VERSION = 5.0;
				TARGETED_DEVICE_FAMILY = "1,2";
			};
			name = Release;
		};
		E1008B65242E6C2E00FCCBB2 /* Debug */ = {
			isa = XCBuildConfiguration;
			baseConfigurationReference = 502FC6740F9005A7C46D41D5 /* Pods-SkyEngTaskTests.debug.xcconfig */;
			buildSettings = {
				ALWAYS_EMBED_SWIFT_STANDARD_LIBRARIES = YES;
				BUNDLE_LOADER = "$(TEST_HOST)";
				CODE_SIGN_STYLE = Automatic;
				DEVELOPMENT_TEAM = TLWW27T23K;
				INFOPLIST_FILE = SkyEngTaskTests/Info.plist;
				IPHONEOS_DEPLOYMENT_TARGET = 13.2;
				LD_RUNPATH_SEARCH_PATHS = (
					"$(inherited)",
					"@executable_path/Frameworks",
					"@loader_path/Frameworks",
				);
				PRODUCT_BUNDLE_IDENTIFIER = com.mbabaev.skyengtask.SkyEngTaskTests;
				PRODUCT_NAME = "$(TARGET_NAME)";
				SWIFT_VERSION = 5.0;
				TARGETED_DEVICE_FAMILY = "1,2";
				TEST_HOST = "$(BUILT_PRODUCTS_DIR)/SkyEngTask.app/SkyEngTask";
			};
			name = Debug;
		};
		E1008B66242E6C2E00FCCBB2 /* Release */ = {
			isa = XCBuildConfiguration;
			baseConfigurationReference = D8FD28D3A889A7047102DBAA /* Pods-SkyEngTaskTests.release.xcconfig */;
			buildSettings = {
				ALWAYS_EMBED_SWIFT_STANDARD_LIBRARIES = YES;
				BUNDLE_LOADER = "$(TEST_HOST)";
				CODE_SIGN_STYLE = Automatic;
				DEVELOPMENT_TEAM = TLWW27T23K;
				INFOPLIST_FILE = SkyEngTaskTests/Info.plist;
				IPHONEOS_DEPLOYMENT_TARGET = 13.2;
				LD_RUNPATH_SEARCH_PATHS = (
					"$(inherited)",
					"@executable_path/Frameworks",
					"@loader_path/Frameworks",
				);
				PRODUCT_BUNDLE_IDENTIFIER = com.mbabaev.skyengtask.SkyEngTaskTests;
				PRODUCT_NAME = "$(TARGET_NAME)";
				SWIFT_VERSION = 5.0;
				TARGETED_DEVICE_FAMILY = "1,2";
				TEST_HOST = "$(BUILT_PRODUCTS_DIR)/SkyEngTask.app/SkyEngTask";
			};
			name = Release;
		};
/* End XCBuildConfiguration section */

/* Begin XCConfigurationList section */
		E1008B3D242E6C2D00FCCBB2 /* Build configuration list for PBXProject "SkyEngTask" */ = {
			isa = XCConfigurationList;
			buildConfigurations = (
				E1008B5F242E6C2E00FCCBB2 /* Debug */,
				E1008B60242E6C2E00FCCBB2 /* Release */,
			);
			defaultConfigurationIsVisible = 0;
			defaultConfigurationName = Release;
		};
		E1008B61242E6C2E00FCCBB2 /* Build configuration list for PBXNativeTarget "SkyEngTask" */ = {
			isa = XCConfigurationList;
			buildConfigurations = (
				E1008B62242E6C2E00FCCBB2 /* Debug */,
				E1008B63242E6C2E00FCCBB2 /* Release */,
			);
			defaultConfigurationIsVisible = 0;
			defaultConfigurationName = Release;
		};
		E1008B64242E6C2E00FCCBB2 /* Build configuration list for PBXNativeTarget "SkyEngTaskTests" */ = {
			isa = XCConfigurationList;
			buildConfigurations = (
				E1008B65242E6C2E00FCCBB2 /* Debug */,
				E1008B66242E6C2E00FCCBB2 /* Release */,
			);
			defaultConfigurationIsVisible = 0;
			defaultConfigurationName = Release;
		};
/* End XCConfigurationList section */
	};
	rootObject = E1008B3A242E6C2D00FCCBB2 /* Project object */;
}
