// !$*UTF8*$!
{
	archiveVersion = 1;
	classes = {
	};
	objectVersion = 51;
	objects = {

/* Begin PBXBuildFile section */
		D65774069CE135F8DBEE5781 /* Pods_SkyEngTask.framework in Frameworks */ = {isa = PBXBuildFile; fileRef = AF04DB6153A323A26ABFDC2D /* Pods_SkyEngTask.framework */; };
		E1008B46242E6C2D00FCCBB2 /* AppDelegate.swift in Sources */ = {isa = PBXBuildFile; fileRef = E1008B45242E6C2D00FCCBB2 /* AppDelegate.swift */; };
		E1008B4F242E6C2E00FCCBB2 /* Assets.xcassets in Resources */ = {isa = PBXBuildFile; fileRef = E1008B4E242E6C2E00FCCBB2 /* Assets.xcassets */; };
		E1008B52242E6C2E00FCCBB2 /* LaunchScreen.storyboard in Resources */ = {isa = PBXBuildFile; fileRef = E1008B50242E6C2E00FCCBB2 /* LaunchScreen.storyboard */; };
		E1008B6B242E726100FCCBB2 /* Word.swift in Sources */ = {isa = PBXBuildFile; fileRef = E1008B6A242E726100FCCBB2 /* Word.swift */; };
		E1008B6D242E726800FCCBB2 /* Meaning.swift in Sources */ = {isa = PBXBuildFile; fileRef = E1008B6C242E726800FCCBB2 /* Meaning.swift */; };
		E1008B72242E741600FCCBB2 /* NetworkManager.swift in Sources */ = {isa = PBXBuildFile; fileRef = E1008B71242E741600FCCBB2 /* NetworkManager.swift */; };
		E1008B74242E742A00FCCBB2 /* NetworkManagerImp.swift in Sources */ = {isa = PBXBuildFile; fileRef = E1008B73242E742A00FCCBB2 /* NetworkManagerImp.swift */; };
		E1008B78242E7F4B00FCCBB2 /* AppError.swift in Sources */ = {isa = PBXBuildFile; fileRef = E1008B77242E7F4B00FCCBB2 /* AppError.swift */; };
		E1008B7C242E853700FCCBB2 /* Result.swift in Sources */ = {isa = PBXBuildFile; fileRef = E1008B7B242E853700FCCBB2 /* Result.swift */; };
		E1008B7E242E9D2400FCCBB2 /* WordService.swift in Sources */ = {isa = PBXBuildFile; fileRef = E1008B7D242E9D2400FCCBB2 /* WordService.swift */; };
		E1008B80242E9D2C00FCCBB2 /* WordServiceImp.swift in Sources */ = {isa = PBXBuildFile; fileRef = E1008B7F242E9D2C00FCCBB2 /* WordServiceImp.swift */; };
		E12AC5D72430025A006E355A /* Translate.storyboard in Resources */ = {isa = PBXBuildFile; fileRef = E12AC5D62430025A006E355A /* Translate.storyboard */; };
		E12AC5D924300315006E355A /* TranslateRouter.swift in Sources */ = {isa = PBXBuildFile; fileRef = E12AC5D824300315006E355A /* TranslateRouter.swift */; };
		E12AC5DE24300A56006E355A /* ErrorView.swift in Sources */ = {isa = PBXBuildFile; fileRef = E12AC5DD24300A56006E355A /* ErrorView.swift */; };
		E12AC5E324301320006E355A /* TranslateAssembly.swift in Sources */ = {isa = PBXBuildFile; fileRef = E12AC5E224301320006E355A /* TranslateAssembly.swift */; };
		E12AC5E524301C35006E355A /* UIViewControlle+Storyboard.swift in Sources */ = {isa = PBXBuildFile; fileRef = E12AC5E424301C35006E355A /* UIViewControlle+Storyboard.swift */; };
		E182B22C242ED5CF009C91CE /* UITableView+GenericDequeue.swift in Sources */ = {isa = PBXBuildFile; fileRef = E182B22B242ED5CF009C91CE /* UITableView+GenericDequeue.swift */; };
		E182B22E242ED5F8009C91CE /* UIView+Identifier.swift in Sources */ = {isa = PBXBuildFile; fileRef = E182B22D242ED5F8009C91CE /* UIView+Identifier.swift */; };
		E182B230242EE167009C91CE /* Collection+Safe.swift in Sources */ = {isa = PBXBuildFile; fileRef = E182B22F242EE167009C91CE /* Collection+Safe.swift */; };
		E183BEE624302CBE00763B99 /* ApplicationAssembly.swift in Sources */ = {isa = PBXBuildFile; fileRef = E183BEE524302CBE00763B99 /* ApplicationAssembly.swift */; };
		E183BEE824302E8300763B99 /* WordViewController.swift in Sources */ = {isa = PBXBuildFile; fileRef = E183BEE724302E8300763B99 /* WordViewController.swift */; };
		E183BF18243030BB00763B99 /* SceneDelegate.swift in Sources */ = {isa = PBXBuildFile; fileRef = E183BF17243030BB00763B99 /* SceneDelegate.swift */; };
		E183BF1A243032A000763B99 /* CoreAssembly.swift in Sources */ = {isa = PBXBuildFile; fileRef = E183BF192430329F00763B99 /* CoreAssembly.swift */; };
		E183BF1C2430AB9200763B99 /* WordAssembly.swift in Sources */ = {isa = PBXBuildFile; fileRef = E183BF1B2430AB9200763B99 /* WordAssembly.swift */; };
		E183BF1E2430ABCC00763B99 /* WordPresenter.swift in Sources */ = {isa = PBXBuildFile; fileRef = E183BF1D2430ABCC00763B99 /* WordPresenter.swift */; };
		E183BF202430AF6A00763B99 /* Word.storyboard in Resources */ = {isa = PBXBuildFile; fileRef = E183BF1F2430AF6A00763B99 /* Word.storyboard */; };
		E183BF2224314D5100763B99 /* UIImageView+ImageLoader.swift in Sources */ = {isa = PBXBuildFile; fileRef = E183BF2124314D5100763B99 /* UIImageView+ImageLoader.swift */; };
		E189DD53242EA06600155CAD /* WordWorker.swift in Sources */ = {isa = PBXBuildFile; fileRef = E189DD52242EA06600155CAD /* WordWorker.swift */; };
		E189DD55242EA06C00155CAD /* WordWorkerImp.swift in Sources */ = {isa = PBXBuildFile; fileRef = E189DD54242EA06C00155CAD /* WordWorkerImp.swift */; };
		E189DD5E242EA67E00155CAD /* WordWorkerTests.swift in Sources */ = {isa = PBXBuildFile; fileRef = E189DD5D242EA67E00155CAD /* WordWorkerTests.swift */; };
		E189DD61242EA70400155CAD /* AutoMockableExtensions.swift in Sources */ = {isa = PBXBuildFile; fileRef = E189DD60242EA70400155CAD /* AutoMockableExtensions.swift */; };
		E189DD64242EAB5F00155CAD /* Generated.swift in Sources */ = {isa = PBXBuildFile; fileRef = E189DD63242EAB5F00155CAD /* Generated.swift */; };
		E189DD66242EAEA500155CAD /* Arbitrary.swift in Sources */ = {isa = PBXBuildFile; fileRef = E189DD65242EAEA500155CAD /* Arbitrary.swift */; };
		E189DD6A242EC67000155CAD /* TranslateViewController.swift in Sources */ = {isa = PBXBuildFile; fileRef = E189DD69242EC67000155CAD /* TranslateViewController.swift */; };
		E189DD6C242EC6F200155CAD /* TranslatePresenter.swift in Sources */ = {isa = PBXBuildFile; fileRef = E189DD6B242EC6F200155CAD /* TranslatePresenter.swift */; };
		E189DD72242EC83800155CAD /* WordTableViewCell.swift in Sources */ = {isa = PBXBuildFile; fileRef = E189DD70242EC83800155CAD /* WordTableViewCell.swift */; };
		E189DD73242EC83800155CAD /* WordTableViewCell.xib in Resources */ = {isa = PBXBuildFile; fileRef = E189DD71242EC83800155CAD /* WordTableViewCell.xib */; };
		E1D3AE05242ECA4D005FFD61 /* WordCellViewModel.swift in Sources */ = {isa = PBXBuildFile; fileRef = E1D3AE04242ECA4D005FFD61 /* WordCellViewModel.swift */; };
		F0E572459125ECDA690A800C /* Pods_SkyEngTaskTests.framework in Frameworks */ = {isa = PBXBuildFile; fileRef = 1270D6A1B6E5EBD7BD52342C /* Pods_SkyEngTaskTests.framework */; };
/* End PBXBuildFile section */

/* Begin PBXContainerItemProxy section */
		E1008B59242E6C2E00FCCBB2 /* PBXContainerItemProxy */ = {
			isa = PBXContainerItemProxy;
			containerPortal = E1008B3A242E6C2D00FCCBB2 /* Project object */;
			proxyType = 1;
			remoteGlobalIDString = E1008B41242E6C2D00FCCBB2;
			remoteInfo = SkyEngTask;
		};
/* End PBXContainerItemProxy section */

/* Begin PBXFileReference section */
		1270D6A1B6E5EBD7BD52342C /* Pods_SkyEngTaskTests.framework */ = {isa = PBXFileReference; explicitFileType = wrapper.framework; includeInIndex = 0; path = Pods_SkyEngTaskTests.framework; sourceTree = BUILT_PRODUCTS_DIR; };
		84FD0B9874859BB3E70F2659 /* Pods-SkyEngTask.debug.xcconfig */ = {isa = PBXFileReference; includeInIndex = 1; lastKnownFileType = text.xcconfig; name = "Pods-SkyEngTask.debug.xcconfig"; path = "Target Support Files/Pods-SkyEngTask/Pods-SkyEngTask.debug.xcconfig"; sourceTree = "<group>"; };
		AF04DB6153A323A26ABFDC2D /* Pods_SkyEngTask.framework */ = {isa = PBXFileReference; explicitFileType = wrapper.framework; includeInIndex = 0; path = Pods_SkyEngTask.framework; sourceTree = BUILT_PRODUCTS_DIR; };
		CBCCBFBCB040D08D639F6097 /* Pods-SkyEngTaskTests.release.xcconfig */ = {isa = PBXFileReference; includeInIndex = 1; lastKnownFileType = text.xcconfig; name = "Pods-SkyEngTaskTests.release.xcconfig"; path = "Target Support Files/Pods-SkyEngTaskTests/Pods-SkyEngTaskTests.release.xcconfig"; sourceTree = "<group>"; };
		CD5B24C8D3A0E24799403145 /* Pods-SkyEngTaskTests.debug.xcconfig */ = {isa = PBXFileReference; includeInIndex = 1; lastKnownFileType = text.xcconfig; name = "Pods-SkyEngTaskTests.debug.xcconfig"; path = "Target Support Files/Pods-SkyEngTaskTests/Pods-SkyEngTaskTests.debug.xcconfig"; sourceTree = "<group>"; };
		E1008B42242E6C2D00FCCBB2 /* SkyEngTask.app */ = {isa = PBXFileReference; explicitFileType = wrapper.application; includeInIndex = 0; path = SkyEngTask.app; sourceTree = BUILT_PRODUCTS_DIR; };
		E1008B45242E6C2D00FCCBB2 /* AppDelegate.swift */ = {isa = PBXFileReference; lastKnownFileType = sourcecode.swift; path = AppDelegate.swift; sourceTree = "<group>"; };
		E1008B4E242E6C2E00FCCBB2 /* Assets.xcassets */ = {isa = PBXFileReference; lastKnownFileType = folder.assetcatalog; path = Assets.xcassets; sourceTree = "<group>"; };
		E1008B51242E6C2E00FCCBB2 /* Base */ = {isa = PBXFileReference; lastKnownFileType = file.storyboard; name = Base; path = Base.lproj/LaunchScreen.storyboard; sourceTree = "<group>"; };
		E1008B53242E6C2E00FCCBB2 /* Info.plist */ = {isa = PBXFileReference; lastKnownFileType = text.plist.xml; path = Info.plist; sourceTree = "<group>"; };
		E1008B58242E6C2E00FCCBB2 /* SkyEngTaskTests.xctest */ = {isa = PBXFileReference; explicitFileType = wrapper.cfbundle; includeInIndex = 0; path = SkyEngTaskTests.xctest; sourceTree = BUILT_PRODUCTS_DIR; };
		E1008B5E242E6C2E00FCCBB2 /* Info.plist */ = {isa = PBXFileReference; lastKnownFileType = text.plist.xml; path = Info.plist; sourceTree = "<group>"; };
		E1008B6A242E726100FCCBB2 /* Word.swift */ = {isa = PBXFileReference; lastKnownFileType = sourcecode.swift; path = Word.swift; sourceTree = "<group>"; };
		E1008B6C242E726800FCCBB2 /* Meaning.swift */ = {isa = PBXFileReference; lastKnownFileType = sourcecode.swift; path = Meaning.swift; sourceTree = "<group>"; };
		E1008B71242E741600FCCBB2 /* NetworkManager.swift */ = {isa = PBXFileReference; lastKnownFileType = sourcecode.swift; path = NetworkManager.swift; sourceTree = "<group>"; };
		E1008B73242E742A00FCCBB2 /* NetworkManagerImp.swift */ = {isa = PBXFileReference; lastKnownFileType = sourcecode.swift; path = NetworkManagerImp.swift; sourceTree = "<group>"; };
		E1008B77242E7F4B00FCCBB2 /* AppError.swift */ = {isa = PBXFileReference; lastKnownFileType = sourcecode.swift; path = AppError.swift; sourceTree = "<group>"; };
		E1008B7B242E853700FCCBB2 /* Result.swift */ = {isa = PBXFileReference; lastKnownFileType = sourcecode.swift; path = Result.swift; sourceTree = "<group>"; };
		E1008B7D242E9D2400FCCBB2 /* WordService.swift */ = {isa = PBXFileReference; lastKnownFileType = sourcecode.swift; path = WordService.swift; sourceTree = "<group>"; };
		E1008B7F242E9D2C00FCCBB2 /* WordServiceImp.swift */ = {isa = PBXFileReference; lastKnownFileType = sourcecode.swift; path = WordServiceImp.swift; sourceTree = "<group>"; };
		E12AC5D62430025A006E355A /* Translate.storyboard */ = {isa = PBXFileReference; lastKnownFileType = file.storyboard; path = Translate.storyboard; sourceTree = "<group>"; };
		E12AC5D824300315006E355A /* TranslateRouter.swift */ = {isa = PBXFileReference; lastKnownFileType = sourcecode.swift; path = TranslateRouter.swift; sourceTree = "<group>"; };
		E12AC5DD24300A56006E355A /* ErrorView.swift */ = {isa = PBXFileReference; lastKnownFileType = sourcecode.swift; path = ErrorView.swift; sourceTree = "<group>"; };
		E12AC5E224301320006E355A /* TranslateAssembly.swift */ = {isa = PBXFileReference; lastKnownFileType = sourcecode.swift; path = TranslateAssembly.swift; sourceTree = "<group>"; };
		E12AC5E424301C35006E355A /* UIViewControlle+Storyboard.swift */ = {isa = PBXFileReference; lastKnownFileType = sourcecode.swift; path = "UIViewControlle+Storyboard.swift"; sourceTree = "<group>"; };
		E182B22B242ED5CF009C91CE /* UITableView+GenericDequeue.swift */ = {isa = PBXFileReference; lastKnownFileType = sourcecode.swift; path = "UITableView+GenericDequeue.swift"; sourceTree = "<group>"; };
		E182B22D242ED5F8009C91CE /* UIView+Identifier.swift */ = {isa = PBXFileReference; lastKnownFileType = sourcecode.swift; path = "UIView+Identifier.swift"; sourceTree = "<group>"; };
		E182B22F242EE167009C91CE /* Collection+Safe.swift */ = {isa = PBXFileReference; lastKnownFileType = sourcecode.swift; path = "Collection+Safe.swift"; sourceTree = "<group>"; };
		E183BEE524302CBE00763B99 /* ApplicationAssembly.swift */ = {isa = PBXFileReference; lastKnownFileType = sourcecode.swift; path = ApplicationAssembly.swift; sourceTree = "<group>"; };
		E183BEE724302E8300763B99 /* WordViewController.swift */ = {isa = PBXFileReference; lastKnownFileType = sourcecode.swift; path = WordViewController.swift; sourceTree = "<group>"; };
		E183BF17243030BB00763B99 /* SceneDelegate.swift */ = {isa = PBXFileReference; lastKnownFileType = sourcecode.swift; path = SceneDelegate.swift; sourceTree = "<group>"; };
		E183BF192430329F00763B99 /* CoreAssembly.swift */ = {isa = PBXFileReference; lastKnownFileType = sourcecode.swift; path = CoreAssembly.swift; sourceTree = "<group>"; };
		E183BF1B2430AB9200763B99 /* WordAssembly.swift */ = {isa = PBXFileReference; lastKnownFileType = sourcecode.swift; path = WordAssembly.swift; sourceTree = "<group>"; };
		E183BF1D2430ABCC00763B99 /* WordPresenter.swift */ = {isa = PBXFileReference; lastKnownFileType = sourcecode.swift; path = WordPresenter.swift; sourceTree = "<group>"; };
		E183BF1F2430AF6A00763B99 /* Word.storyboard */ = {isa = PBXFileReference; lastKnownFileType = file.storyboard; path = Word.storyboard; sourceTree = "<group>"; };
		E183BF2124314D5100763B99 /* UIImageView+ImageLoader.swift */ = {isa = PBXFileReference; lastKnownFileType = sourcecode.swift; path = "UIImageView+ImageLoader.swift"; sourceTree = "<group>"; };
		E189DD52242EA06600155CAD /* WordWorker.swift */ = {isa = PBXFileReference; lastKnownFileType = sourcecode.swift; path = WordWorker.swift; sourceTree = "<group>"; };
		E189DD54242EA06C00155CAD /* WordWorkerImp.swift */ = {isa = PBXFileReference; lastKnownFileType = sourcecode.swift; path = WordWorkerImp.swift; sourceTree = "<group>"; };
		E189DD5D242EA67E00155CAD /* WordWorkerTests.swift */ = {isa = PBXFileReference; lastKnownFileType = sourcecode.swift; path = WordWorkerTests.swift; sourceTree = "<group>"; };
		E189DD60242EA70400155CAD /* AutoMockableExtensions.swift */ = {isa = PBXFileReference; lastKnownFileType = sourcecode.swift; path = AutoMockableExtensions.swift; sourceTree = "<group>"; };
		E189DD63242EAB5F00155CAD /* Generated.swift */ = {isa = PBXFileReference; fileEncoding = 4; lastKnownFileType = sourcecode.swift; path = Generated.swift; sourceTree = "<group>"; };
		E189DD65242EAEA500155CAD /* Arbitrary.swift */ = {isa = PBXFileReference; lastKnownFileType = sourcecode.swift; path = Arbitrary.swift; sourceTree = "<group>"; };
		E189DD69242EC67000155CAD /* TranslateViewController.swift */ = {isa = PBXFileReference; lastKnownFileType = sourcecode.swift; path = TranslateViewController.swift; sourceTree = "<group>"; };
		E189DD6B242EC6F200155CAD /* TranslatePresenter.swift */ = {isa = PBXFileReference; lastKnownFileType = sourcecode.swift; path = TranslatePresenter.swift; sourceTree = "<group>"; };
		E189DD70242EC83800155CAD /* WordTableViewCell.swift */ = {isa = PBXFileReference; lastKnownFileType = sourcecode.swift; path = WordTableViewCell.swift; sourceTree = "<group>"; };
		E189DD71242EC83800155CAD /* WordTableViewCell.xib */ = {isa = PBXFileReference; lastKnownFileType = file.xib; path = WordTableViewCell.xib; sourceTree = "<group>"; };
		E1D3AE04242ECA4D005FFD61 /* WordCellViewModel.swift */ = {isa = PBXFileReference; lastKnownFileType = sourcecode.swift; path = WordCellViewModel.swift; sourceTree = "<group>"; };
		ED3F37279348E66ACB1E2E31 /* Pods-SkyEngTask.release.xcconfig */ = {isa = PBXFileReference; includeInIndex = 1; lastKnownFileType = text.xcconfig; name = "Pods-SkyEngTask.release.xcconfig"; path = "Target Support Files/Pods-SkyEngTask/Pods-SkyEngTask.release.xcconfig"; sourceTree = "<group>"; };
/* End PBXFileReference section */

/* Begin PBXFrameworksBuildPhase section */
		E1008B3F242E6C2D00FCCBB2 /* Frameworks */ = {
			isa = PBXFrameworksBuildPhase;
			buildActionMask = 2147483647;
			files = (
				D65774069CE135F8DBEE5781 /* Pods_SkyEngTask.framework in Frameworks */,
			);
			runOnlyForDeploymentPostprocessing = 0;
		};
		E1008B55242E6C2E00FCCBB2 /* Frameworks */ = {
			isa = PBXFrameworksBuildPhase;
			buildActionMask = 2147483647;
			files = (
				F0E572459125ECDA690A800C /* Pods_SkyEngTaskTests.framework in Frameworks */,
			);
			runOnlyForDeploymentPostprocessing = 0;
		};
/* End PBXFrameworksBuildPhase section */

/* Begin PBXGroup section */
		83803503F36B53B721EFABBC /* Frameworks */ = {
			isa = PBXGroup;
			children = (
				AF04DB6153A323A26ABFDC2D /* Pods_SkyEngTask.framework */,
				1270D6A1B6E5EBD7BD52342C /* Pods_SkyEngTaskTests.framework */,
			);
			name = Frameworks;
			sourceTree = "<group>";
		};
		BFD39ADF824CF25FD9049A22 /* Pods */ = {
			isa = PBXGroup;
			children = (
				84FD0B9874859BB3E70F2659 /* Pods-SkyEngTask.debug.xcconfig */,
				ED3F37279348E66ACB1E2E31 /* Pods-SkyEngTask.release.xcconfig */,
				CD5B24C8D3A0E24799403145 /* Pods-SkyEngTaskTests.debug.xcconfig */,
				CBCCBFBCB040D08D639F6097 /* Pods-SkyEngTaskTests.release.xcconfig */,
			);
			path = Pods;
			sourceTree = "<group>";
		};
		E1008B39242E6C2D00FCCBB2 = {
			isa = PBXGroup;
			children = (
				E1008B44242E6C2D00FCCBB2 /* SkyEngTask */,
				E1008B5B242E6C2E00FCCBB2 /* SkyEngTaskTests */,
				E1008B43242E6C2D00FCCBB2 /* Products */,
				BFD39ADF824CF25FD9049A22 /* Pods */,
				83803503F36B53B721EFABBC /* Frameworks */,
			);
			sourceTree = "<group>";
		};
		E1008B43242E6C2D00FCCBB2 /* Products */ = {
			isa = PBXGroup;
			children = (
				E1008B42242E6C2D00FCCBB2 /* SkyEngTask.app */,
				E1008B58242E6C2E00FCCBB2 /* SkyEngTaskTests.xctest */,
			);
			name = Products;
			sourceTree = "<group>";
		};
		E1008B44242E6C2D00FCCBB2 /* SkyEngTask */ = {
			isa = PBXGroup;
			children = (
				E1008B67242E6F7300FCCBB2 /* UI */,
				E1008B68242E6F7800FCCBB2 /* BusinessLogic */,
				E1008B69242E725400FCCBB2 /* Entities */,
				E1008B75242E747700FCCBB2 /* SupportFiles */,
				E1008B53242E6C2E00FCCBB2 /* Info.plist */,
			);
			path = SkyEngTask;
			sourceTree = "<group>";
		};
		E1008B5B242E6C2E00FCCBB2 /* SkyEngTaskTests */ = {
			isa = PBXGroup;
			children = (
				E189DD5F242EA6F600155CAD /* Mocks */,
				E189DD59242EA64C00155CAD /* BusinessLogic */,
				E1008B5E242E6C2E00FCCBB2 /* Info.plist */,
			);
			path = SkyEngTaskTests;
			sourceTree = "<group>";
		};
		E1008B67242E6F7300FCCBB2 /* UI */ = {
			isa = PBXGroup;
			children = (
				E189DD6D242EC80100155CAD /* Scenes */,
				E189DD6E242EC80700155CAD /* Common */,
			);
			path = UI;
			sourceTree = "<group>";
		};
		E1008B68242E6F7800FCCBB2 /* BusinessLogic */ = {
			isa = PBXGroup;
			children = (
				E1008B77242E7F4B00FCCBB2 /* AppError.swift */,
				E1008B7B242E853700FCCBB2 /* Result.swift */,
				E183BF192430329F00763B99 /* CoreAssembly.swift */,
				E1008B70242E740600FCCBB2 /* Workers */,
				E1008B6F242E740100FCCBB2 /* Services */,
				E1008B6E242E73FD00FCCBB2 /* Core */,
			);
			path = BusinessLogic;
			sourceTree = "<group>";
		};
		E1008B69242E725400FCCBB2 /* Entities */ = {
			isa = PBXGroup;
			children = (
				E1008B6A242E726100FCCBB2 /* Word.swift */,
				E1008B6C242E726800FCCBB2 /* Meaning.swift */,
			);
			path = Entities;
			sourceTree = "<group>";
		};
		E1008B6E242E73FD00FCCBB2 /* Core */ = {
			isa = PBXGroup;
			children = (
				E1008B71242E741600FCCBB2 /* NetworkManager.swift */,
				E1008B73242E742A00FCCBB2 /* NetworkManagerImp.swift */,
			);
			path = Core;
			sourceTree = "<group>";
		};
		E1008B6F242E740100FCCBB2 /* Services */ = {
			isa = PBXGroup;
			children = (
				E1008B7D242E9D2400FCCBB2 /* WordService.swift */,
				E1008B7F242E9D2C00FCCBB2 /* WordServiceImp.swift */,
			);
			path = Services;
			sourceTree = "<group>";
		};
		E1008B70242E740600FCCBB2 /* Workers */ = {
			isa = PBXGroup;
			children = (
				E189DD52242EA06600155CAD /* WordWorker.swift */,
				E189DD54242EA06C00155CAD /* WordWorkerImp.swift */,
			);
			path = Workers;
			sourceTree = "<group>";
		};
		E1008B75242E747700FCCBB2 /* SupportFiles */ = {
			isa = PBXGroup;
			children = (
				E1008B76242E74B200FCCBB2 /* Resources */,
				E1008B45242E6C2D00FCCBB2 /* AppDelegate.swift */,
				E183BF17243030BB00763B99 /* SceneDelegate.swift */,
				E183BEE524302CBE00763B99 /* ApplicationAssembly.swift */,
			);
			path = SupportFiles;
			sourceTree = "<group>";
		};
		E1008B76242E74B200FCCBB2 /* Resources */ = {
			isa = PBXGroup;
			children = (
				E1008B4E242E6C2E00FCCBB2 /* Assets.xcassets */,
				E1008B50242E6C2E00FCCBB2 /* LaunchScreen.storyboard */,
			);
			path = Resources;
			sourceTree = "<group>";
		};
		E12AC5DA24300778006E355A /* Protocols */ = {
			isa = PBXGroup;
			children = (
				E12AC5DD24300A56006E355A /* ErrorView.swift */,
			);
			path = Protocols;
			sourceTree = "<group>";
		};
		E182B22A242ED5AC009C91CE /* Extensions */ = {
			isa = PBXGroup;
			children = (
				E12AC5E424301C35006E355A /* UIViewControlle+Storyboard.swift */,
				E182B22B242ED5CF009C91CE /* UITableView+GenericDequeue.swift */,
				E182B22D242ED5F8009C91CE /* UIView+Identifier.swift */,
				E182B22F242EE167009C91CE /* Collection+Safe.swift */,
				E183BF2124314D5100763B99 /* UIImageView+ImageLoader.swift */,
			);
			path = Extensions;
			sourceTree = "<group>";
		};
		E189DD59242EA64C00155CAD /* BusinessLogic */ = {
			isa = PBXGroup;
			children = (
				E189DD5A242EA65500155CAD /* Workers */,
			);
			path = BusinessLogic;
			sourceTree = "<group>";
		};
		E189DD5A242EA65500155CAD /* Workers */ = {
			isa = PBXGroup;
			children = (
				E189DD5D242EA67E00155CAD /* WordWorkerTests.swift */,
			);
			path = Workers;
			sourceTree = "<group>";
		};
		E189DD5F242EA6F600155CAD /* Mocks */ = {
			isa = PBXGroup;
			children = (
				E189DD63242EAB5F00155CAD /* Generated.swift */,
				E189DD60242EA70400155CAD /* AutoMockableExtensions.swift */,
				E189DD65242EAEA500155CAD /* Arbitrary.swift */,
			);
			path = Mocks;
			sourceTree = "<group>";
		};
		E189DD67242EC63200155CAD /* Translate */ = {
			isa = PBXGroup;
			children = (
				E12AC5D62430025A006E355A /* Translate.storyboard */,
				E189DD69242EC67000155CAD /* TranslateViewController.swift */,
				E189DD6B242EC6F200155CAD /* TranslatePresenter.swift */,
				E12AC5D824300315006E355A /* TranslateRouter.swift */,
				E12AC5E224301320006E355A /* TranslateAssembly.swift */,
			);
			path = Translate;
			sourceTree = "<group>";
		};
		E189DD68242EC64000155CAD /* Word */ = {
			isa = PBXGroup;
			children = (
				E183BF1F2430AF6A00763B99 /* Word.storyboard */,
				E183BEE724302E8300763B99 /* WordViewController.swift */,
				E183BF1D2430ABCC00763B99 /* WordPresenter.swift */,
				E183BF1B2430AB9200763B99 /* WordAssembly.swift */,
			);
			path = Word;
			sourceTree = "<group>";
		};
		E189DD6D242EC80100155CAD /* Scenes */ = {
			isa = PBXGroup;
			children = (
				E189DD67242EC63200155CAD /* Translate */,
				E189DD68242EC64000155CAD /* Word */,
			);
			path = Scenes;
			sourceTree = "<group>";
		};
		E189DD6E242EC80700155CAD /* Common */ = {
			isa = PBXGroup;
			children = (
				E12AC5DA24300778006E355A /* Protocols */,
				E182B22A242ED5AC009C91CE /* Extensions */,
				E189DD6F242EC81F00155CAD /* WordCell */,
			);
			path = Common;
			sourceTree = "<group>";
		};
		E189DD6F242EC81F00155CAD /* WordCell */ = {
			isa = PBXGroup;
			children = (
				E189DD71242EC83800155CAD /* WordTableViewCell.xib */,
				E189DD70242EC83800155CAD /* WordTableViewCell.swift */,
				E1D3AE04242ECA4D005FFD61 /* WordCellViewModel.swift */,
			);
			path = WordCell;
			sourceTree = "<group>";
		};
/* End PBXGroup section */

/* Begin PBXNativeTarget section */
		E1008B41242E6C2D00FCCBB2 /* SkyEngTask */ = {
			isa = PBXNativeTarget;
			buildConfigurationList = E1008B61242E6C2E00FCCBB2 /* Build configuration list for PBXNativeTarget "SkyEngTask" */;
			buildPhases = (
				4D1C0E18E8C0C701C38A368D /* [CP] Check Pods Manifest.lock */,
				E189DD62242EA97200155CAD /* Generate mocks */,
				E1008B3E242E6C2D00FCCBB2 /* Sources */,
				E1008B3F242E6C2D00FCCBB2 /* Frameworks */,
				E1008B40242E6C2D00FCCBB2 /* Resources */,
				047D48988E4116836E9918C0 /* [CP] Embed Pods Frameworks */,
			);
			buildRules = (
			);
			dependencies = (
			);
			name = SkyEngTask;
			productName = SkyEngTask;
			productReference = E1008B42242E6C2D00FCCBB2 /* SkyEngTask.app */;
			productType = "com.apple.product-type.application";
		};
		E1008B57242E6C2E00FCCBB2 /* SkyEngTaskTests */ = {
			isa = PBXNativeTarget;
			buildConfigurationList = E1008B64242E6C2E00FCCBB2 /* Build configuration list for PBXNativeTarget "SkyEngTaskTests" */;
			buildPhases = (
				355FA2662CEF66E52240CD1A /* [CP] Check Pods Manifest.lock */,
				E1008B54242E6C2E00FCCBB2 /* Sources */,
				E1008B55242E6C2E00FCCBB2 /* Frameworks */,
				E1008B56242E6C2E00FCCBB2 /* Resources */,
			);
			buildRules = (
			);
			dependencies = (
				E1008B5A242E6C2E00FCCBB2 /* PBXTargetDependency */,
			);
			name = SkyEngTaskTests;
			productName = SkyEngTaskTests;
			productReference = E1008B58242E6C2E00FCCBB2 /* SkyEngTaskTests.xctest */;
			productType = "com.apple.product-type.bundle.unit-test";
		};
/* End PBXNativeTarget section */

/* Begin PBXProject section */
		E1008B3A242E6C2D00FCCBB2 /* Project object */ = {
			isa = PBXProject;
			attributes = {
				LastSwiftUpdateCheck = 1130;
				LastUpgradeCheck = 1130;
				ORGANIZATIONNAME = Mihail;
				TargetAttributes = {
					E1008B41242E6C2D00FCCBB2 = {
						CreatedOnToolsVersion = 11.3.1;
					};
					E1008B57242E6C2E00FCCBB2 = {
						CreatedOnToolsVersion = 11.3.1;
						TestTargetID = E1008B41242E6C2D00FCCBB2;
					};
				};
			};
			buildConfigurationList = E1008B3D242E6C2D00FCCBB2 /* Build configuration list for PBXProject "SkyEngTask" */;
			compatibilityVersion = "Xcode 9.3";
			developmentRegion = en;
			hasScannedForEncodings = 0;
			knownRegions = (
				en,
				Base,
			);
			mainGroup = E1008B39242E6C2D00FCCBB2;
			productRefGroup = E1008B43242E6C2D00FCCBB2 /* Products */;
			projectDirPath = "";
			projectRoot = "";
			targets = (
				E1008B41242E6C2D00FCCBB2 /* SkyEngTask */,
				E1008B57242E6C2E00FCCBB2 /* SkyEngTaskTests */,
			);
		};
/* End PBXProject section */

/* Begin PBXResourcesBuildPhase section */
		E1008B40242E6C2D00FCCBB2 /* Resources */ = {
			isa = PBXResourcesBuildPhase;
			buildActionMask = 2147483647;
			files = (
				E1008B52242E6C2E00FCCBB2 /* LaunchScreen.storyboard in Resources */,
				E189DD73242EC83800155CAD /* WordTableViewCell.xib in Resources */,
				E183BF202430AF6A00763B99 /* Word.storyboard in Resources */,
				E12AC5D72430025A006E355A /* Translate.storyboard in Resources */,
				E1008B4F242E6C2E00FCCBB2 /* Assets.xcassets in Resources */,
			);
			runOnlyForDeploymentPostprocessing = 0;
		};
		E1008B56242E6C2E00FCCBB2 /* Resources */ = {
			isa = PBXResourcesBuildPhase;
			buildActionMask = 2147483647;
			files = (
			);
			runOnlyForDeploymentPostprocessing = 0;
		};
/* End PBXResourcesBuildPhase section */

/* Begin PBXShellScriptBuildPhase section */
		047D48988E4116836E9918C0 /* [CP] Embed Pods Frameworks */ = {
			isa = PBXShellScriptBuildPhase;
			buildActionMask = 2147483647;
			files = (
			);
			inputFileListPaths = (
				"${PODS_ROOT}/Target Support Files/Pods-SkyEngTask/Pods-SkyEngTask-frameworks-${CONFIGURATION}-input-files.xcfilelist",
			);
			name = "[CP] Embed Pods Frameworks";
			outputFileListPaths = (
				"${PODS_ROOT}/Target Support Files/Pods-SkyEngTask/Pods-SkyEngTask-frameworks-${CONFIGURATION}-output-files.xcfilelist",
			);
			runOnlyForDeploymentPostprocessing = 0;
			shellPath = /bin/sh;
			shellScript = "\"${PODS_ROOT}/Target Support Files/Pods-SkyEngTask/Pods-SkyEngTask-frameworks.sh\"\n";
			showEnvVarsInLog = 0;
		};
		355FA2662CEF66E52240CD1A /* [CP] Check Pods Manifest.lock */ = {
			isa = PBXShellScriptBuildPhase;
			buildActionMask = 2147483647;
			files = (
			);
			inputFileListPaths = (
			);
			inputPaths = (
				"${PODS_PODFILE_DIR_PATH}/Podfile.lock",
				"${PODS_ROOT}/Manifest.lock",
			);
			name = "[CP] Check Pods Manifest.lock";
			outputFileListPaths = (
			);
			outputPaths = (
				"$(DERIVED_FILE_DIR)/Pods-SkyEngTaskTests-checkManifestLockResult.txt",
			);
			runOnlyForDeploymentPostprocessing = 0;
			shellPath = /bin/sh;
			shellScript = "diff \"${PODS_PODFILE_DIR_PATH}/Podfile.lock\" \"${PODS_ROOT}/Manifest.lock\" > /dev/null\nif [ $? != 0 ] ; then\n    # print error to STDERR\n    echo \"error: The sandbox is not in sync with the Podfile.lock. Run 'pod install' or update your CocoaPods installation.\" >&2\n    exit 1\nfi\n# This output is used by Xcode 'outputs' to avoid re-running this script phase.\necho \"SUCCESS\" > \"${SCRIPT_OUTPUT_FILE_0}\"\n";
			showEnvVarsInLog = 0;
		};
		4D1C0E18E8C0C701C38A368D /* [CP] Check Pods Manifest.lock */ = {
			isa = PBXShellScriptBuildPhase;
			buildActionMask = 2147483647;
			files = (
			);
			inputFileListPaths = (
			);
			inputPaths = (
				"${PODS_PODFILE_DIR_PATH}/Podfile.lock",
				"${PODS_ROOT}/Manifest.lock",
			);
			name = "[CP] Check Pods Manifest.lock";
			outputFileListPaths = (
			);
			outputPaths = (
				"$(DERIVED_FILE_DIR)/Pods-SkyEngTask-checkManifestLockResult.txt",
			);
			runOnlyForDeploymentPostprocessing = 0;
			shellPath = /bin/sh;
			shellScript = "diff \"${PODS_PODFILE_DIR_PATH}/Podfile.lock\" \"${PODS_ROOT}/Manifest.lock\" > /dev/null\nif [ $? != 0 ] ; then\n    # print error to STDERR\n    echo \"error: The sandbox is not in sync with the Podfile.lock. Run 'pod install' or update your CocoaPods installation.\" >&2\n    exit 1\nfi\n# This output is used by Xcode 'outputs' to avoid re-running this script phase.\necho \"SUCCESS\" > \"${SCRIPT_OUTPUT_FILE_0}\"\n";
			showEnvVarsInLog = 0;
		};
		E189DD62242EA97200155CAD /* Generate mocks */ = {
			isa = PBXShellScriptBuildPhase;
			buildActionMask = 2147483647;
			files = (
			);
			inputFileListPaths = (
			);
			inputPaths = (
			);
			name = "Generate mocks";
			outputFileListPaths = (
			);
			outputPaths = (
			);
			runOnlyForDeploymentPostprocessing = 0;
			shellPath = /bin/sh;
			shellScript = "$PODS_ROOT/Sourcery/bin/sourcery --sources . --templates ./Pods/Sourcery/Templates/AutoMockable.stencil --output ./SkyEngTaskTests/Mocks/Generated.swift\n\necho \"@testable import SkyEngTask\" >> \"${SRCROOT}/SkyEngTaskTests/Mocks/Generated.swift\"\n";
		};
/* End PBXShellScriptBuildPhase section */

/* Begin PBXSourcesBuildPhase section */
		E1008B3E242E6C2D00FCCBB2 /* Sources */ = {
			isa = PBXSourcesBuildPhase;
			buildActionMask = 2147483647;
			files = (
				E1008B7E242E9D2400FCCBB2 /* WordService.swift in Sources */,
				E1008B72242E741600FCCBB2 /* NetworkManager.swift in Sources */,
				E183BEE824302E8300763B99 /* WordViewController.swift in Sources */,
				E12AC5E524301C35006E355A /* UIViewControlle+Storyboard.swift in Sources */,
				E183BF2224314D5100763B99 /* UIImageView+ImageLoader.swift in Sources */,
				E1008B6D242E726800FCCBB2 /* Meaning.swift in Sources */,
				E183BEE624302CBE00763B99 /* ApplicationAssembly.swift in Sources */,
				E189DD6C242EC6F200155CAD /* TranslatePresenter.swift in Sources */,
				E182B22C242ED5CF009C91CE /* UITableView+GenericDequeue.swift in Sources */,
				E1008B80242E9D2C00FCCBB2 /* WordServiceImp.swift in Sources */,
				E182B230242EE167009C91CE /* Collection+Safe.swift in Sources */,
				E1008B78242E7F4B00FCCBB2 /* AppError.swift in Sources */,
				E189DD6A242EC67000155CAD /* TranslateViewController.swift in Sources */,
				E1008B6B242E726100FCCBB2 /* Word.swift in Sources */,
				E183BF1E2430ABCC00763B99 /* WordPresenter.swift in Sources */,
				E12AC5D924300315006E355A /* TranslateRouter.swift in Sources */,
				E1008B7C242E853700FCCBB2 /* Result.swift in Sources */,
				E1008B74242E742A00FCCBB2 /* NetworkManagerImp.swift in Sources */,
				E1008B46242E6C2D00FCCBB2 /* AppDelegate.swift in Sources */,
				E1D3AE05242ECA4D005FFD61 /* WordCellViewModel.swift in Sources */,
				E12AC5E324301320006E355A /* TranslateAssembly.swift in Sources */,
				E12AC5DE24300A56006E355A /* ErrorView.swift in Sources */,
				E183BF1C2430AB9200763B99 /* WordAssembly.swift in Sources */,
				E183BF1A243032A000763B99 /* CoreAssembly.swift in Sources */,
				E183BF18243030BB00763B99 /* SceneDelegate.swift in Sources */,
				E189DD72242EC83800155CAD /* WordTableViewCell.swift in Sources */,
				E189DD53242EA06600155CAD /* WordWorker.swift in Sources */,
				E182B22E242ED5F8009C91CE /* UIView+Identifier.swift in Sources */,
				E189DD55242EA06C00155CAD /* WordWorkerImp.swift in Sources */,
			);
			runOnlyForDeploymentPostprocessing = 0;
		};
		E1008B54242E6C2E00FCCBB2 /* Sources */ = {
			isa = PBXSourcesBuildPhase;
			buildActionMask = 2147483647;
			files = (
				E189DD64242EAB5F00155CAD /* Generated.swift in Sources */,
				E189DD61242EA70400155CAD /* AutoMockableExtensions.swift in Sources */,
				E189DD5E242EA67E00155CAD /* WordWorkerTests.swift in Sources */,
				E189DD66242EAEA500155CAD /* Arbitrary.swift in Sources */,
			);
			runOnlyForDeploymentPostprocessing = 0;
		};
/* End PBXSourcesBuildPhase section */

/* Begin PBXTargetDependency section */
		E1008B5A242E6C2E00FCCBB2 /* PBXTargetDependency */ = {
			isa = PBXTargetDependency;
			target = E1008B41242E6C2D00FCCBB2 /* SkyEngTask */;
			targetProxy = E1008B59242E6C2E00FCCBB2 /* PBXContainerItemProxy */;
		};
/* End PBXTargetDependency section */

/* Begin PBXVariantGroup section */
		E1008B50242E6C2E00FCCBB2 /* LaunchScreen.storyboard */ = {
			isa = PBXVariantGroup;
			children = (
				E1008B51242E6C2E00FCCBB2 /* Base */,
			);
			name = LaunchScreen.storyboard;
			sourceTree = "<group>";
		};
/* End PBXVariantGroup section */

/* Begin XCBuildConfiguration section */
		E1008B5F242E6C2E00FCCBB2 /* Debug */ = {
			isa = XCBuildConfiguration;
			buildSettings = {
				ALWAYS_SEARCH_USER_PATHS = NO;
				CLANG_ANALYZER_NONNULL = YES;
				CLANG_ANALYZER_NUMBER_OBJECT_CONVERSION = YES_AGGRESSIVE;
				CLANG_CXX_LANGUAGE_STANDARD = "gnu++14";
				CLANG_CXX_LIBRARY = "libc++";
				CLANG_ENABLE_MODULES = YES;
				CLANG_ENABLE_OBJC_ARC = YES;
				CLANG_ENABLE_OBJC_WEAK = YES;
				CLANG_WARN_BLOCK_CAPTURE_AUTORELEASING = YES;
				CLANG_WARN_BOOL_CONVERSION = YES;
				CLANG_WARN_COMMA = YES;
				CLANG_WARN_CONSTANT_CONVERSION = YES;
				CLANG_WARN_DEPRECATED_OBJC_IMPLEMENTATIONS = YES;
				CLANG_WARN_DIRECT_OBJC_ISA_USAGE = YES_ERROR;
				CLANG_WARN_DOCUMENTATION_COMMENTS = YES;
				CLANG_WARN_EMPTY_BODY = YES;
				CLANG_WARN_ENUM_CONVERSION = YES;
				CLANG_WARN_INFINITE_RECURSION = YES;
				CLANG_WARN_INT_CONVERSION = YES;
				CLANG_WARN_NON_LITERAL_NULL_CONVERSION = YES;
				CLANG_WARN_OBJC_IMPLICIT_RETAIN_SELF = YES;
				CLANG_WARN_OBJC_LITERAL_CONVERSION = YES;
				CLANG_WARN_OBJC_ROOT_CLASS = YES_ERROR;
				CLANG_WARN_RANGE_LOOP_ANALYSIS = YES;
				CLANG_WARN_STRICT_PROTOTYPES = YES;
				CLANG_WARN_SUSPICIOUS_MOVE = YES;
				CLANG_WARN_UNGUARDED_AVAILABILITY = YES_AGGRESSIVE;
				CLANG_WARN_UNREACHABLE_CODE = YES;
				CLANG_WARN__DUPLICATE_METHOD_MATCH = YES;
				COPY_PHASE_STRIP = NO;
				DEBUG_INFORMATION_FORMAT = dwarf;
				ENABLE_STRICT_OBJC_MSGSEND = YES;
				ENABLE_TESTABILITY = YES;
				FRAMEWORK_SEARCH_PATHS = (
					"$(inherited)",
					"\"${PODS_CONFIGURATION_BUILD_DIR}/Alamofire\"",
					"\"${PODS_CONFIGURATION_BUILD_DIR}/AlamofireImage\"",
				);
				GCC_C_LANGUAGE_STANDARD = gnu11;
				GCC_DYNAMIC_NO_PIC = NO;
				GCC_NO_COMMON_BLOCKS = YES;
				GCC_OPTIMIZATION_LEVEL = 0;
				GCC_PREPROCESSOR_DEFINITIONS = (
					"DEBUG=1",
					"$(inherited)",
				);
				GCC_WARN_64_TO_32_BIT_CONVERSION = YES;
				GCC_WARN_ABOUT_RETURN_TYPE = YES_ERROR;
				GCC_WARN_UNDECLARED_SELECTOR = YES;
				GCC_WARN_UNINITIALIZED_AUTOS = YES_AGGRESSIVE;
				GCC_WARN_UNUSED_FUNCTION = YES;
				GCC_WARN_UNUSED_VARIABLE = YES;
				IPHONEOS_DEPLOYMENT_TARGET = 13.2;
				MTL_ENABLE_DEBUG_INFO = INCLUDE_SOURCE;
				MTL_FAST_MATH = YES;
				ONLY_ACTIVE_ARCH = YES;
				SDKROOT = iphoneos;
				SWIFT_ACTIVE_COMPILATION_CONDITIONS = DEBUG;
				SWIFT_OPTIMIZATION_LEVEL = "-Onone";
			};
			name = Debug;
		};
		E1008B60242E6C2E00FCCBB2 /* Release */ = {
			isa = XCBuildConfiguration;
			buildSettings = {
				ALWAYS_SEARCH_USER_PATHS = NO;
				CLANG_ANALYZER_NONNULL = YES;
				CLANG_ANALYZER_NUMBER_OBJECT_CONVERSION = YES_AGGRESSIVE;
				CLANG_CXX_LANGUAGE_STANDARD = "gnu++14";
				CLANG_CXX_LIBRARY = "libc++";
				CLANG_ENABLE_MODULES = YES;
				CLANG_ENABLE_OBJC_ARC = YES;
				CLANG_ENABLE_OBJC_WEAK = YES;
				CLANG_WARN_BLOCK_CAPTURE_AUTORELEASING = YES;
				CLANG_WARN_BOOL_CONVERSION = YES;
				CLANG_WARN_COMMA = YES;
				CLANG_WARN_CONSTANT_CONVERSION = YES;
				CLANG_WARN_DEPRECATED_OBJC_IMPLEMENTATIONS = YES;
				CLANG_WARN_DIRECT_OBJC_ISA_USAGE = YES_ERROR;
				CLANG_WARN_DOCUMENTATION_COMMENTS = YES;
				CLANG_WARN_EMPTY_BODY = YES;
				CLANG_WARN_ENUM_CONVERSION = YES;
				CLANG_WARN_INFINITE_RECURSION = YES;
				CLANG_WARN_INT_CONVERSION = YES;
				CLANG_WARN_NON_LITERAL_NULL_CONVERSION = YES;
				CLANG_WARN_OBJC_IMPLICIT_RETAIN_SELF = YES;
				CLANG_WARN_OBJC_LITERAL_CONVERSION = YES;
				CLANG_WARN_OBJC_ROOT_CLASS = YES_ERROR;
				CLANG_WARN_RANGE_LOOP_ANALYSIS = YES;
				CLANG_WARN_STRICT_PROTOTYPES = YES;
				CLANG_WARN_SUSPICIOUS_MOVE = YES;
				CLANG_WARN_UNGUARDED_AVAILABILITY = YES_AGGRESSIVE;
				CLANG_WARN_UNREACHABLE_CODE = YES;
				CLANG_WARN__DUPLICATE_METHOD_MATCH = YES;
				COPY_PHASE_STRIP = NO;
				DEBUG_INFORMATION_FORMAT = "dwarf-with-dsym";
				ENABLE_NS_ASSERTIONS = NO;
				ENABLE_STRICT_OBJC_MSGSEND = YES;
				FRAMEWORK_SEARCH_PATHS = (
					"$(inherited)",
					"\"${PODS_CONFIGURATION_BUILD_DIR}/Alamofire\"",
					"\"${PODS_CONFIGURATION_BUILD_DIR}/AlamofireImage\"",
				);
				GCC_C_LANGUAGE_STANDARD = gnu11;
				GCC_NO_COMMON_BLOCKS = YES;
				GCC_WARN_64_TO_32_BIT_CONVERSION = YES;
				GCC_WARN_ABOUT_RETURN_TYPE = YES_ERROR;
				GCC_WARN_UNDECLARED_SELECTOR = YES;
				GCC_WARN_UNINITIALIZED_AUTOS = YES_AGGRESSIVE;
				GCC_WARN_UNUSED_FUNCTION = YES;
				GCC_WARN_UNUSED_VARIABLE = YES;
				IPHONEOS_DEPLOYMENT_TARGET = 13.2;
				MTL_ENABLE_DEBUG_INFO = NO;
				MTL_FAST_MATH = YES;
				SDKROOT = iphoneos;
				SWIFT_COMPILATION_MODE = wholemodule;
				SWIFT_OPTIMIZATION_LEVEL = "-O";
				VALIDATE_PRODUCT = YES;
			};
			name = Release;
		};
		E1008B62242E6C2E00FCCBB2 /* Debug */ = {
			isa = XCBuildConfiguration;
			baseConfigurationReference = 84FD0B9874859BB3E70F2659 /* Pods-SkyEngTask.debug.xcconfig */;
			buildSettings = {
				ASSETCATALOG_COMPILER_APPICON_NAME = AppIcon;
				CODE_SIGN_STYLE = Automatic;
				DEVELOPMENT_TEAM = TLWW27T23K;
				INFOPLIST_FILE = SkyEngTask/Info.plist;
				LD_RUNPATH_SEARCH_PATHS = (
					"$(inherited)",
					"@executable_path/Frameworks",
				);
				PRODUCT_BUNDLE_IDENTIFIER = com.mbabaev.skyengtask.SkyEngTask;
				PRODUCT_NAME = "$(TARGET_NAME)";
				SWIFT_VERSION = 5.0;
				TARGETED_DEVICE_FAMILY = "1,2";
			};
			name = Debug;
		};
		E1008B63242E6C2E00FCCBB2 /* Release */ = {
			isa = XCBuildConfiguration;
			baseConfigurationReference = ED3F37279348E66ACB1E2E31 /* Pods-SkyEngTask.release.xcconfig */;
			buildSettings = {
				ASSETCATALOG_COMPILER_APPICON_NAME = AppIcon;
				CODE_SIGN_STYLE = Automatic;
				DEVELOPMENT_TEAM = TLWW27T23K;
				INFOPLIST_FILE = SkyEngTask/Info.plist;
				LD_RUNPATH_SEARCH_PATHS = (
					"$(inherited)",
					"@executable_path/Frameworks",
				);
				PRODUCT_BUNDLE_IDENTIFIER = com.mbabaev.skyengtask.SkyEngTask;
				PRODUCT_NAME = "$(TARGET_NAME)";
				SWIFT_VERSION = 5.0;
				TARGETED_DEVICE_FAMILY = "1,2";
			};
			name = Release;
		};
		E1008B65242E6C2E00FCCBB2 /* Debug */ = {
			isa = XCBuildConfiguration;
			baseConfigurationReference = CD5B24C8D3A0E24799403145 /* Pods-SkyEngTaskTests.debug.xcconfig */;
			buildSettings = {
				ALWAYS_EMBED_SWIFT_STANDARD_LIBRARIES = YES;
				BUNDLE_LOADER = "$(TEST_HOST)";
				CODE_SIGN_STYLE = Automatic;
				DEVELOPMENT_TEAM = TLWW27T23K;
				INFOPLIST_FILE = SkyEngTaskTests/Info.plist;
				IPHONEOS_DEPLOYMENT_TARGET = 13.2;
				LD_RUNPATH_SEARCH_PATHS = (
					"$(inherited)",
					"@executable_path/Frameworks",
					"@loader_path/Frameworks",
				);
				PRODUCT_BUNDLE_IDENTIFIER = com.mbabaev.skyengtask.SkyEngTaskTests;
				PRODUCT_NAME = "$(TARGET_NAME)";
				SWIFT_VERSION = 5.0;
				TARGETED_DEVICE_FAMILY = "1,2";
				TEST_HOST = "$(BUILT_PRODUCTS_DIR)/SkyEngTask.app/SkyEngTask";
			};
			name = Debug;
		};
		E1008B66242E6C2E00FCCBB2 /* Release */ = {
			isa = XCBuildConfiguration;
			baseConfigurationReference = CBCCBFBCB040D08D639F6097 /* Pods-SkyEngTaskTests.release.xcconfig */;
			buildSettings = {
				ALWAYS_EMBED_SWIFT_STANDARD_LIBRARIES = YES;
				BUNDLE_LOADER = "$(TEST_HOST)";
				CODE_SIGN_STYLE = Automatic;
				DEVELOPMENT_TEAM = TLWW27T23K;
				INFOPLIST_FILE = SkyEngTaskTests/Info.plist;
				IPHONEOS_DEPLOYMENT_TARGET = 13.2;
				LD_RUNPATH_SEARCH_PATHS = (
					"$(inherited)",
					"@executable_path/Frameworks",
					"@loader_path/Frameworks",
				);
				PRODUCT_BUNDLE_IDENTIFIER = com.mbabaev.skyengtask.SkyEngTaskTests;
				PRODUCT_NAME = "$(TARGET_NAME)";
				SWIFT_VERSION = 5.0;
				TARGETED_DEVICE_FAMILY = "1,2";
				TEST_HOST = "$(BUILT_PRODUCTS_DIR)/SkyEngTask.app/SkyEngTask";
			};
			name = Release;
		};
/* End XCBuildConfiguration section */

/* Begin XCConfigurationList section */
		E1008B3D242E6C2D00FCCBB2 /* Build configuration list for PBXProject "SkyEngTask" */ = {
			isa = XCConfigurationList;
			buildConfigurations = (
				E1008B5F242E6C2E00FCCBB2 /* Debug */,
				E1008B60242E6C2E00FCCBB2 /* Release */,
			);
			defaultConfigurationIsVisible = 0;
			defaultConfigurationName = Release;
		};
		E1008B61242E6C2E00FCCBB2 /* Build configuration list for PBXNativeTarget "SkyEngTask" */ = {
			isa = XCConfigurationList;
			buildConfigurations = (
				E1008B62242E6C2E00FCCBB2 /* Debug */,
				E1008B63242E6C2E00FCCBB2 /* Release */,
			);
			defaultConfigurationIsVisible = 0;
			defaultConfigurationName = Release;
		};
		E1008B64242E6C2E00FCCBB2 /* Build configuration list for PBXNativeTarget "SkyEngTaskTests" */ = {
			isa = XCConfigurationList;
			buildConfigurations = (
				E1008B65242E6C2E00FCCBB2 /* Debug */,
				E1008B66242E6C2E00FCCBB2 /* Release */,
			);
			defaultConfigurationIsVisible = 0;
			defaultConfigurationName = Release;
		};
/* End XCConfigurationList section */
	};
	rootObject = E1008B3A242E6C2D00FCCBB2 /* Project object */;
}
